PODS:
  - ffmpeg-kit-macos-https (5.1.LTS)
  - ffmpeg_kit_flutter (5.1.0.LTS):
    - ffmpeg_kit_flutter/https-lts (= 5.1.0.LTS)
    - FlutterMacOS
  - ffmpeg_kit_flutter/https-lts (5.1.0.LTS):
    - ffmpeg-kit-macos-https (= 5.1.LTS)
    - FlutterMacOS
  - file_selector_macos (0.0.1):
    - FlutterMacOS
  - FlutterMacOS (1.0.0)
  - path_provider_macos (0.0.1):
    - FlutterMacOS

DEPENDENCIES:
  - ffmpeg_kit_flutter (from `Flutter/ephemeral/.symlinks/plugins/ffmpeg_kit_flutter/macos`)
  - file_selector_macos (from `Flutter/ephemeral/.symlinks/plugins/file_selector_macos/macos`)
  - FlutterMacOS (from `Flutter/ephemeral`)
  - path_provider_macos (from `Flutter/ephemeral/.symlinks/plugins/path_provider_macos/macos`)

SPEC REPOS:
  https://github.com/CocoaPods/Specs.git:
    - ffmpeg-kit-macos-https

EXTERNAL SOURCES:
  ffmpeg_kit_flutter:
    :path: Flutter/ephemeral/.symlinks/plugins/ffmpeg_kit_flutter/macos
  file_selector_macos:
    :path: Flutter/ephemeral/.symlinks/plugins/file_selector_macos/macos
  FlutterMacOS:
    :path: Flutter/ephemeral
  path_provider_macos:
    :path: Flutter/ephemeral/.symlinks/plugins/path_provider_macos/macos

SPEC CHECKSUMS:
  ffmpeg-kit-macos-https: 816a7630264d20f47e69782f8575d9b699fa5cc9
  ffmpeg_kit_flutter: 7e69326fdd612dbc70292e2d96999c0b95d8b2a8
  file_selector_macos: f1b08a781e66103e3ba279fd5d4024a2478b3af6
  FlutterMacOS: 57701585bf7de1b3fc2bb61f6378d73bbdea8424
  path_provider_macos: 3c0c3b4b0d4a76d2bf989a913c2de869c5641a19

PODFILE CHECKSUM: 8ed8d53079805968b0ea3413aaaab99a366f5b99

COCOAPODS: 1.11.2
